{
  "object": {
    "pins": [
      {
        "package": "BookLib",
        "repositoryURL": "https://github.com/luardemin/BookLib",
        "state": {
          "branch": "master",
          "revision": "4dec3e0c83a8d836c2c86b09b125bc2c2748d027",
          "version": null
        }
      },
      {
        "package": "swift-argument-parser",
        "repositoryURL": "https://github.com/apple/swift-argument-parser",
        "state": {
          "branch": null,
          "revision": "83b23d940471b313427da226196661856f6ba3e0",
          "version": "0.4.4"
        }
      }
    ]
  },
  "version": 1
}
